
Microsoft Visual Studio Solution File, Format Version 12.00
# Visual Studio Version 17
VisualStudioVersion = 17.9.34728.123
MinimumVisualStudioVersion = 10.0.40219.1
Project("{FAE04EC0-301F-11D3-BF4B-00C04F79EFBC}") = "UploadResume", "UploadResume\UploadResume.csproj", "{17284EA5-A333-4486-8203-6E2B5A605385}"
EndProject
Global
	GlobalSection(SolutionConfigurationPlatforms) = preSolution
		Debug|Any CPU = Debug|Any CPU
		Release|Any CPU = Release|Any CPU
	EndGlobalSection
	GlobalSection(ProjectConfigurationPlatforms) = postSolution
		{17284EA5-A333-4486-8203-6E2B5A605385}.Debug|Any CPU.ActiveCfg = Debug|Any CPU
		{17284EA5-A333-4486-8203-6E2B5A605385}.Debug|Any CPU.Build.0 = Debug|Any CPU
		{17284EA5-A333-4486-8203-6E2B5A605385}.Release|Any CPU.ActiveCfg = Release|Any CPU
		{17284EA5-A333-4486-8203-6E2B5A605385}.Release|Any CPU.Build.0 = Release|Any CPU
	EndGlobalSection
	GlobalSection(SolutionProperties) = preSolution
		HideSolutionNode = FALSE
	EndGlobalSection
	GlobalSection(ExtensibilityGlobals) = postSolution
		SolutionGuid = {2AE5D924-1DF6-42DB-9B13-E3340D12C480}
	EndGlobalSection
EndGlobal
